
Microsoft Visual Studio Solution File, Format Version 12.00
Project("{FAE04EC0-301F-11D3-BF4B-00C04F79EFBC}") = "AutoServiceAW.API", "AutoServiceAW.API\AutoServiceAW.API.csproj", "{2F848859-E4B0-43CC-8E63-76416E6FE52F}"
EndProject
Project("{FAE04EC0-301F-11D3-BF4B-00C04F79EFBC}") = "AutoServiceAW.API.Tests", "AutoServiceAW.API.Tests\AutoServiceAW.API.Tests.csproj", "{6DE64CC8-60B7-433E-B3B8-5BA9A03BD761}"
EndProject
Global
	GlobalSection(SolutionConfigurationPlatforms) = preSolution
		Debug|Any CPU = Debug|Any CPU
		Debug|x64 = Debug|x64
		Debug|x86 = Debug|x86
		Release|Any CPU = Release|Any CPU
		Release|x64 = Release|x64
		Release|x86 = Release|x86
	EndGlobalSection
	GlobalSection(ProjectConfigurationPlatforms) = postSolution
		{2F848859-E4B0-43CC-8E63-76416E6FE52F}.Debug|Any CPU.ActiveCfg = Debug|Any CPU
		{2F848859-E4B0-43CC-8E63-76416E6FE52F}.Debug|Any CPU.Build.0 = Debug|Any CPU
		{2F848859-E4B0-43CC-8E63-76416E6FE52F}.Debug|x64.ActiveCfg = Debug|Any CPU
		{2F848859-E4B0-43CC-8E63-76416E6FE52F}.Debug|x64.Build.0 = Debug|Any CPU
		{2F848859-E4B0-43CC-8E63-76416E6FE52F}.Debug|x86.ActiveCfg = Debug|Any CPU
		{2F848859-E4B0-43CC-8E63-76416E6FE52F}.Debug|x86.Build.0 = Debug|Any CPU
		{2F848859-E4B0-43CC-8E63-76416E6FE52F}.Release|Any CPU.ActiveCfg = Release|Any CPU
		{2F848859-E4B0-43CC-8E63-76416E6FE52F}.Release|Any CPU.Build.0 = Release|Any CPU
		{2F848859-E4B0-43CC-8E63-76416E6FE52F}.Release|x64.ActiveCfg = Release|Any CPU
		{2F848859-E4B0-43CC-8E63-76416E6FE52F}.Release|x64.Build.0 = Release|Any CPU
		{2F848859-E4B0-43CC-8E63-76416E6FE52F}.Release|x86.ActiveCfg = Release|Any CPU
		{2F848859-E4B0-43CC-8E63-76416E6FE52F}.Release|x86.Build.0 = Release|Any CPU
		{6DE64CC8-60B7-433E-B3B8-5BA9A03BD761}.Debug|Any CPU.ActiveCfg = Debug|Any CPU
		{6DE64CC8-60B7-433E-B3B8-5BA9A03BD761}.Debug|Any CPU.Build.0 = Debug|Any CPU
		{6DE64CC8-60B7-433E-B3B8-5BA9A03BD761}.Debug|x64.ActiveCfg = Debug|Any CPU
		{6DE64CC8-60B7-433E-B3B8-5BA9A03BD761}.Debug|x64.Build.0 = Debug|Any CPU
		{6DE64CC8-60B7-433E-B3B8-5BA9A03BD761}.Debug|x86.ActiveCfg = Debug|Any CPU
		{6DE64CC8-60B7-433E-B3B8-5BA9A03BD761}.Debug|x86.Build.0 = Debug|Any CPU
		{6DE64CC8-60B7-433E-B3B8-5BA9A03BD761}.Release|Any CPU.ActiveCfg = Release|Any CPU
		{6DE64CC8-60B7-433E-B3B8-5BA9A03BD761}.Release|Any CPU.Build.0 = Release|Any CPU
		{6DE64CC8-60B7-433E-B3B8-5BA9A03BD761}.Release|x64.ActiveCfg = Release|Any CPU
		{6DE64CC8-60B7-433E-B3B8-5BA9A03BD761}.Release|x64.Build.0 = Release|Any CPU
		{6DE64CC8-60B7-433E-B3B8-5BA9A03BD761}.Release|x86.ActiveCfg = Release|Any CPU
		{6DE64CC8-60B7-433E-B3B8-5BA9A03BD761}.Release|x86.Build.0 = Release|Any CPU
	EndGlobalSection
	GlobalSection(SolutionProperties) = preSolution
		HideSolutionNode = FALSE
	EndGlobalSection
EndGlobal
